
Microsoft Visual Studio Solution File, Format Version 12.00
# Visual Studio 15
VisualStudioVersion = 15.0.28307.102
MinimumVisualStudioVersion = 10.0.40219.1
Project("{FAE04EC0-301F-11D3-BF4B-00C04F79EFBC}") = "Dominos.Dal", "Dominos.Dal\Dominos.Dal.csproj", "{DE0518C5-DB44-465F-AEE7-B284719F5482}"
EndProject
Project("{FAE04EC0-301F-11D3-BF4B-00C04F79EFBC}") = "Dominos.BLL", "Dominos.BLL\Dominos.BLL.csproj", "{8AD3462A-62EA-4BCD-9171-CFAD88EA3F60}"
EndProject
Project("{FAE04EC0-301F-11D3-BF4B-00C04F79EFBC}") = "Dominos.WcfLibrary", "Dominos.WcfLibrary\Dominos.WcfLibrary.csproj", "{DE21E996-7427-4DD2-A344-7D6FD2D65A9A}"
EndProject
Project("{FAE04EC0-301F-11D3-BF4B-00C04F79EFBC}") = "Dominos.WcfIISHost", "Dominos.WcfIISHost\Dominos.WcfIISHost\Dominos.WcfIISHost.csproj", "{1331410F-F337-4978-B519-03A2337D2C2F}"
EndProject
Project("{FAE04EC0-301F-11D3-BF4B-00C04F79EFBC}") = "Dominos.Entities", "Dominos.Entities\Dominos.Entities.csproj", "{220B4468-D978-4048-9DB9-69B1786FD2FF}"
EndProject
Project("{FAE04EC0-301F-11D3-BF4B-00C04F79EFBC}") = "Dominos.WebUI", "Dominos.WebUI\Dominos.WebUI.csproj", "{498CEF87-69CC-493F-8766-5E7ECF17DBF8}"
EndProject
Project("{FAE04EC0-301F-11D3-BF4B-00C04F79EFBC}") = "Dominos.Interfaces", "Dominos.Interfaces\Dominos.Interfaces.csproj", "{D675B5C0-B4AD-41D4-93B5-5C81F05CB59D}"
EndProject
Global
	GlobalSection(SolutionConfigurationPlatforms) = preSolution
		Debug|Any CPU = Debug|Any CPU
		Release|Any CPU = Release|Any CPU
	EndGlobalSection
	GlobalSection(ProjectConfigurationPlatforms) = postSolution
		{DE0518C5-DB44-465F-AEE7-B284719F5482}.Debug|Any CPU.ActiveCfg = Debug|Any CPU
		{DE0518C5-DB44-465F-AEE7-B284719F5482}.Debug|Any CPU.Build.0 = Debug|Any CPU
		{DE0518C5-DB44-465F-AEE7-B284719F5482}.Release|Any CPU.ActiveCfg = Release|Any CPU
		{DE0518C5-DB44-465F-AEE7-B284719F5482}.Release|Any CPU.Build.0 = Release|Any CPU
		{8AD3462A-62EA-4BCD-9171-CFAD88EA3F60}.Debug|Any CPU.ActiveCfg = Debug|Any CPU
		{8AD3462A-62EA-4BCD-9171-CFAD88EA3F60}.Debug|Any CPU.Build.0 = Debug|Any CPU
		{8AD3462A-62EA-4BCD-9171-CFAD88EA3F60}.Release|Any CPU.ActiveCfg = Release|Any CPU
		{8AD3462A-62EA-4BCD-9171-CFAD88EA3F60}.Release|Any CPU.Build.0 = Release|Any CPU
		{DE21E996-7427-4DD2-A344-7D6FD2D65A9A}.Debug|Any CPU.ActiveCfg = Debug|Any CPU
		{DE21E996-7427-4DD2-A344-7D6FD2D65A9A}.Debug|Any CPU.Build.0 = Debug|Any CPU
		{DE21E996-7427-4DD2-A344-7D6FD2D65A9A}.Release|Any CPU.ActiveCfg = Release|Any CPU
		{DE21E996-7427-4DD2-A344-7D6FD2D65A9A}.Release|Any CPU.Build.0 = Release|Any CPU
		{1331410F-F337-4978-B519-03A2337D2C2F}.Debug|Any CPU.ActiveCfg = Debug|Any CPU
		{1331410F-F337-4978-B519-03A2337D2C2F}.Debug|Any CPU.Build.0 = Debug|Any CPU
		{1331410F-F337-4978-B519-03A2337D2C2F}.Release|Any CPU.ActiveCfg = Release|Any CPU
		{1331410F-F337-4978-B519-03A2337D2C2F}.Release|Any CPU.Build.0 = Release|Any CPU
		{220B4468-D978-4048-9DB9-69B1786FD2FF}.Debug|Any CPU.ActiveCfg = Debug|Any CPU
		{220B4468-D978-4048-9DB9-69B1786FD2FF}.Debug|Any CPU.Build.0 = Debug|Any CPU
		{220B4468-D978-4048-9DB9-69B1786FD2FF}.Release|Any CPU.ActiveCfg = Release|Any CPU
		{220B4468-D978-4048-9DB9-69B1786FD2FF}.Release|Any CPU.Build.0 = Release|Any CPU
		{498CEF87-69CC-493F-8766-5E7ECF17DBF8}.Debug|Any CPU.ActiveCfg = Debug|Any CPU
		{498CEF87-69CC-493F-8766-5E7ECF17DBF8}.Debug|Any CPU.Build.0 = Debug|Any CPU
		{498CEF87-69CC-493F-8766-5E7ECF17DBF8}.Release|Any CPU.ActiveCfg = Release|Any CPU
		{498CEF87-69CC-493F-8766-5E7ECF17DBF8}.Release|Any CPU.Build.0 = Release|Any CPU
		{D675B5C0-B4AD-41D4-93B5-5C81F05CB59D}.Debug|Any CPU.ActiveCfg = Debug|Any CPU
		{D675B5C0-B4AD-41D4-93B5-5C81F05CB59D}.Debug|Any CPU.Build.0 = Debug|Any CPU
		{D675B5C0-B4AD-41D4-93B5-5C81F05CB59D}.Release|Any CPU.ActiveCfg = Release|Any CPU
		{D675B5C0-B4AD-41D4-93B5-5C81F05CB59D}.Release|Any CPU.Build.0 = Release|Any CPU
	EndGlobalSection
	GlobalSection(SolutionProperties) = preSolution
		HideSolutionNode = FALSE
	EndGlobalSection
	GlobalSection(ExtensibilityGlobals) = postSolution
		SolutionGuid = {977565A7-34ED-40D4-A5AF-8DB3B7794BBF}
	EndGlobalSection
EndGlobal
